{
  "name": "deployment",
  "lockfileVersion": 3,
  "requires": true,
  "packages": {
    "": {
      "dependencies": {
        "render": "^0.1.4"
      }
    },
    "node_modules/curry": {
      "version": "0.0.4",
      "resolved": "https://registry.npmjs.org/curry/-/curry-0.0.4.tgz",
      "integrity": "sha512-IPapCjuLQfb9u7HEU+l7XX10CmK5ojdvjt+0sNrZmSvSU31OZxPV78cmDj1Zm+ZX/tEh7jeYdaD4v89iJDOD0g==",
      "engines": {
        "node": "*"
      }
    },
    "node_modules/render": {
      "version": "0.1.4",
      "resolved": "https://registry.npmjs.org/render/-/render-0.1.4.tgz",
      "integrity": "sha512-mTNCTWXyulJhMFcsCZGwMjE3GjH40eE4r23Or7Sw4XnEBHO8gS5ZBHgxDGjFF1v0pe9GXx+c+8njbpry+11e3A==",
      "license": "MIT",
      "dependencies": {
        "traverser": "0.0.x"
      }
    },
    "node_modules/traverser": {
      "version": "0.0.5",
      "resolved": "https://registry.npmjs.org/traverser/-/traverser-0.0.5.tgz",
      "integrity": "sha512-8wq1H/gNr1PwGhmflklBTvZlY3aOgUmurSYD8PueKn1Btq01REtupQ8nY7VpcG4v2YPKBODxYKIdTt36W+Scwg==",
      "dependencies": {
        "curry": "0.0.x"
      },
      "engines": {
        "node": "*"
      }
    }
  }
}
